// !$*UTF8*$!
{
	archiveVersion = 1;
	classes = {
	};
	objectVersion = 50;
	objects = {

/* Begin PBXBuildFile section */
		38211E9F23643C820029D3C5 /* AppDelegate.swift in Sources */ = {isa = PBXBuildFile; fileRef = 38211E9E23643C820029D3C5 /* AppDelegate.swift */; };
		38211EA123643C820029D3C5 /* ViewController.swift in Sources */ = {isa = PBXBuildFile; fileRef = 38211EA023643C820029D3C5 /* ViewController.swift */; };
		38211EA423643C820029D3C5 /* Main.storyboard in Resources */ = {isa = PBXBuildFile; fileRef = 38211EA223643C820029D3C5 /* Main.storyboard */; };
		38211EA623643C920029D3C5 /* Assets.xcassets in Resources */ = {isa = PBXBuildFile; fileRef = 38211EA523643C920029D3C5 /* Assets.xcassets */; };
		38211EA923643C920029D3C5 /* LaunchScreen.storyboard in Resources */ = {isa = PBXBuildFile; fileRef = 38211EA723643C920029D3C5 /* LaunchScreen.storyboard */; };
		38211EB1236441E30029D3C5 /* SecondViewController.swift in Sources */ = {isa = PBXBuildFile; fileRef = 38211EB0236441E30029D3C5 /* SecondViewController.swift */; };
		38211EB32364509B0029D3C5 /* Animals 2.mp4 in Resources */ = {isa = PBXBuildFile; fileRef = 38211EB2236450990029D3C5 /* Animals 2.mp4 */; };
		38211EB5236457BE0029D3C5 /* shape.mp3 in Resources */ = {isa = PBXBuildFile; fileRef = 38211EB4236457BD0029D3C5 /* shape.mp3 */; };
		38211EB7236458070029D3C5 /* ThirdViewController.swift in Sources */ = {isa = PBXBuildFile; fileRef = 38211EB6236458070029D3C5 /* ThirdViewController.swift */; };
/* End PBXBuildFile section */

/* Begin PBXFileReference section */
		38211E9B23643C820029D3C5 /* session4_segue.app */ = {isa = PBXFileReference; explicitFileType = wrapper.application; includeInIndex = 0; path = session4_segue.app; sourceTree = BUILT_PRODUCTS_DIR; };
		38211E9E23643C820029D3C5 /* AppDelegate.swift */ = {isa = PBXFileReference; lastKnownFileType = sourcecode.swift; path = AppDelegate.swift; sourceTree = "<group>"; };
		38211EA023643C820029D3C5 /* ViewController.swift */ = {isa = PBXFileReference; lastKnownFileType = sourcecode.swift; path = ViewController.swift; sourceTree = "<group>"; };
		38211EA323643C820029D3C5 /* Base */ = {isa = PBXFileReference; lastKnownFileType = file.storyboard; name = Base; path = Base.lproj/Main.storyboard; sourceTree = "<group>"; };
		38211EA523643C920029D3C5 /* Assets.xcassets */ = {isa = PBXFileReference; lastKnownFileType = folder.assetcatalog; path = Assets.xcassets; sourceTree = "<group>"; };
		38211EA823643C920029D3C5 /* Base */ = {isa = PBXFileReference; lastKnownFileType = file.storyboard; name = Base; path = Base.lproj/LaunchScreen.storyboard; sourceTree = "<group>"; };
		38211EAA23643C920029D3C5 /* Info.plist */ = {isa = PBXFileReference; lastKnownFileType = text.plist.xml; path = Info.plist; sourceTree = "<group>"; };
		38211EB0236441E30029D3C5 /* SecondViewController.swift */ = {isa = PBXFileReference; lastKnownFileType = sourcecode.swift; path = SecondViewController.swift; sourceTree = "<group>"; };
		38211EB2236450990029D3C5 /* Animals 2.mp4 */ = {isa = PBXFileReference; lastKnownFileType = file; path = "Animals 2.mp4"; sourceTree = "<group>"; };
		38211EB4236457BD0029D3C5 /* shape.mp3 */ = {isa = PBXFileReference; lastKnownFileType = audio.mp3; path = shape.mp3; sourceTree = "<group>"; };
		38211EB6236458070029D3C5 /* ThirdViewController.swift */ = {isa = PBXFileReference; lastKnownFileType = sourcecode.swift; path = ThirdViewController.swift; sourceTree = "<group>"; };
/* End PBXFileReference section */

/* Begin PBXFrameworksBuildPhase section */
		38211E9823643C810029D3C5 /* Frameworks */ = {
			isa = PBXFrameworksBuildPhase;
			buildActionMask = 2147483647;
			files = (
			);
			runOnlyForDeploymentPostprocessing = 0;
		};
/* End PBXFrameworksBuildPhase section */

/* Begin PBXGroup section */
		38211E9223643C810029D3C5 = {
			isa = PBXGroup;
			children = (
				38211E9D23643C820029D3C5 /* session4_segue */,
				38211E9C23643C820029D3C5 /* Products */,
			);
			sourceTree = "<group>";
		};
		38211E9C23643C820029D3C5 /* Products */ = {
			isa = PBXGroup;
			children = (
				38211E9B23643C820029D3C5 /* session4_segue.app */,
			);
			name = Products;
			sourceTree = "<group>";
		};
		38211E9D23643C820029D3C5 /* session4_segue */ = {
			isa = PBXGroup;
			children = (
				38211E9E23643C820029D3C5 /* AppDelegate.swift */,
				38211EA023643C820029D3C5 /* ViewController.swift */,
				38211EB0236441E30029D3C5 /* SecondViewController.swift */,
				38211EA223643C820029D3C5 /* Main.storyboard */,
				38211EA523643C920029D3C5 /* Assets.xcassets */,
				38211EB4236457BD0029D3C5 /* shape.mp3 */,
				38211EB2236450990029D3C5 /* Animals 2.mp4 */,
				38211EA723643C920029D3C5 /* LaunchScreen.storyboard */,
				38211EAA23643C920029D3C5 /* Info.plist */,
				38211EB6236458070029D3C5 /* ThirdViewController.swift */,
			);
			path = session4_segue;
			sourceTree = "<group>";
		};
/* End PBXGroup section */

/* Begin PBXNativeTarget section */
		38211E9A23643C810029D3C5 /* session4_segue */ = {
			isa = PBXNativeTarget;
			buildConfigurationList = 38211EAD23643C920029D3C5 /* Build configuration list for PBXNativeTarget "session4_segue" */;
			buildPhases = (
				38211E9723643C810029D3C5 /* Sources */,
				38211E9823643C810029D3C5 /* Frameworks */,
				38211E9923643C810029D3C5 /* Resources */,
			);
			buildRules = (
			);
			dependencies = (
			);
			name = session4_segue;
			productName = session4_segue;
			productReference = 38211E9B23643C820029D3C5 /* session4_segue.app */;
			productType = "com.apple.product-type.application";
		};
/* End PBXNativeTarget section */

/* Begin PBXProject section */
		38211E9323643C810029D3C5 /* Project object */ = {
			isa = PBXProject;
			attributes = {
				LastSwiftUpdateCheck = 1010;
				LastUpgradeCheck = 1010;
				ORGANIZATIONNAME = pr;
				TargetAttributes = {
					38211E9A23643C810029D3C5 = {
						CreatedOnToolsVersion = 10.1;
					};
				};
			};
			buildConfigurationList = 38211E9623643C810029D3C5 /* Build configuration list for PBXProject "session4_segue" */;
			compatibilityVersion = "Xcode 9.3";
			developmentRegion = en;
			hasScannedForEncodings = 0;
			knownRegions = (
				en,
				Base,
			);
			mainGroup = 38211E9223643C810029D3C5;
			productRefGroup = 38211E9C23643C820029D3C5 /* Products */;
			projectDirPath = "";
			projectRoot = "";
			targets = (
				38211E9A23643C810029D3C5 /* session4_segue */,
			);
		};
/* End PBXProject section */

/* Begin PBXResourcesBuildPhase section */
		38211E9923643C810029D3C5 /* Resources */ = {
			isa = PBXResourcesBuildPhase;
			buildActionMask = 2147483647;
			files = (
				38211EA923643C920029D3C5 /* LaunchScreen.storyboard in Resources */,
				38211EA623643C920029D3C5 /* Assets.xcassets in Resources */,
				38211EB5236457BE0029D3C5 /* shape.mp3 in Resources */,
				38211EA423643C820029D3C5 /* Main.storyboard in Resources */,
				38211EB32364509B0029D3C5 /* Animals 2.mp4 in Resources */,
			);
			runOnlyForDeploymentPostprocessing = 0;
		};
/* End PBXResourcesBuildPhase section */

/* Begin PBXSourcesBuildPhase section */
		38211E9723643C810029D3C5 /* Sources */ = {
			isa = PBXSourcesBuildPhase;
			buildActionMask = 2147483647;
			files = (
				38211EB1236441E30029D3C5 /* SecondViewController.swift in Sources */,
				38211EA123643C820029D3C5 /* ViewController.swift in Sources */,
				38211EB7236458070029D3C5 /* ThirdViewController.swift in Sources */,
				38211E9F23643C820029D3C5 /* AppDelegate.swift in Sources */,
			);
			runOnlyForDeploymentPostprocessing = 0;
		};
/* End PBXSourcesBuildPhase section */

/* Begin PBXVariantGroup section */
		38211EA223643C820029D3C5 /* Main.storyboard */ = {
			isa = PBXVariantGroup;
			children = (
				38211EA323643C820029D3C5 /* Base */,
			);
			name = Main.storyboard;
			sourceTree = "<group>";
		};
		38211EA723643C920029D3C5 /* LaunchScreen.storyboard */ = {
			isa = PBXVariantGroup;
			children = (
				38211EA823643C920029D3C5 /* Base */,
			);
			name = LaunchScreen.storyboard;
			sourceTree = "<group>";
		};
/* End PBXVariantGroup section */

/* Begin XCBuildConfiguration section */
		38211EAB23643C920029D3C5 /* Debug */ = {
			isa = XCBuildConfiguration;
			buildSettings = {
				ALWAYS_SEARCH_USER_PATHS = NO;
				CLANG_ANALYZER_NONNULL = YES;
				CLANG_ANALYZER_NUMBER_OBJECT_CONVERSION = YES_AGGRESSIVE;
				CLANG_CXX_LANGUAGE_STANDARD = "gnu++14";
				CLANG_CXX_LIBRARY = "libc++";
				CLANG_ENABLE_MODULES = YES;
				CLANG_ENABLE_OBJC_ARC = YES;
				CLANG_ENABLE_OBJC_WEAK = YES;
				CLANG_WARN_BLOCK_CAPTURE_AUTORELEASING = YES;
				CLANG_WARN_BOOL_CONVERSION = YES;
				CLANG_WARN_COMMA = YES;
				CLANG_WARN_CONSTANT_CONVERSION = YES;
				CLANG_WARN_DEPRECATED_OBJC_IMPLEMENTATIONS = YES;
				CLANG_WARN_DIRECT_OBJC_ISA_USAGE = YES_ERROR;
				CLANG_WARN_DOCUMENTATION_COMMENTS = YES;
				CLANG_WARN_EMPTY_BODY = YES;
				CLANG_WARN_ENUM_CONVERSION = YES;
				CLANG_WARN_INFINITE_RECURSION = YES;
				CLANG_WARN_INT_CONVERSION = YES;
				CLANG_WARN_NON_LITERAL_NULL_CONVERSION = YES;
				CLANG_WARN_OBJC_IMPLICIT_RETAIN_SELF = YES;
				CLANG_WARN_OBJC_LITERAL_CONVERSION = YES;
				CLANG_WARN_OBJC_ROOT_CLASS = YES_ERROR;
				CLANG_WARN_RANGE_LOOP_ANALYSIS = YES;
				CLANG_WARN_STRICT_PROTOTYPES = YES;
				CLANG_WARN_SUSPICIOUS_MOVE = YES;
				CLANG_WARN_UNGUARDED_AVAILABILITY = YES_AGGRESSIVE;
				CLANG_WARN_UNREACHABLE_CODE = YES;
				CLANG_WARN__DUPLICATE_METHOD_MATCH = YES;
				CODE_SIGN_IDENTITY = "iPhone Developer";
				COPY_PHASE_STRIP = NO;
				DEBUG_INFORMATION_FORMAT = dwarf;
				ENABLE_STRICT_OBJC_MSGSEND = YES;
				ENABLE_TESTABILITY = YES;
				GCC_C_LANGUAGE_STANDARD = gnu11;
				GCC_DYNAMIC_NO_PIC = NO;
				GCC_NO_COMMON_BLOCKS = YES;
				GCC_OPTIMIZATION_LEVEL = 0;
				GCC_PREPROCESSOR_DEFINITIONS = (
					"DEBUG=1",
					"$(inherited)",
				);
				GCC_WARN_64_TO_32_BIT_CONVERSION = YES;
				GCC_WARN_ABOUT_RETURN_TYPE = YES_ERROR;
				GCC_WARN_UNDECLARED_SELECTOR = YES;
				GCC_WARN_UNINITIALIZED_AUTOS = YES_AGGRESSIVE;
				GCC_WARN_UNUSED_FUNCTION = YES;
				GCC_WARN_UNUSED_VARIABLE = YES;
				IPHONEOS_DEPLOYMENT_TARGET = 12.1;
				MTL_ENABLE_DEBUG_INFO = INCLUDE_SOURCE;
				MTL_FAST_MATH = YES;
				ONLY_ACTIVE_ARCH = YES;
				SDKROOT = iphoneos;
				SWIFT_ACTIVE_COMPILATION_CONDITIONS = DEBUG;
				SWIFT_OPTIMIZATION_LEVEL = "-Onone";
			};
			name = Debug;
		};
		38211EAC23643C920029D3C5 /* Release */ = {
			isa = XCBuildConfiguration;
			buildSettings = {
				ALWAYS_SEARCH_USER_PATHS = NO;
				CLANG_ANALYZER_NONNULL = YES;
				CLANG_ANALYZER_NUMBER_OBJECT_CONVERSION = YES_AGGRESSIVE;
				CLANG_CXX_LANGUAGE_STANDARD = "gnu++14";
				CLANG_CXX_LIBRARY = "libc++";
				CLANG_ENABLE_MODULES = YES;
				CLANG_ENABLE_OBJC_ARC = YES;
				CLANG_ENABLE_OBJC_WEAK = YES;
				CLANG_WARN_BLOCK_CAPTURE_AUTORELEASING = YES;
				CLANG_WARN_BOOL_CONVERSION = YES;
				CLANG_WARN_COMMA = YES;
				CLANG_WARN_CONSTANT_CONVERSION = YES;
				CLANG_WARN_DEPRECATED_OBJC_IMPLEMENTATIONS = YES;
				CLANG_WARN_DIRECT_OBJC_ISA_USAGE = YES_ERROR;
				CLANG_WARN_DOCUMENTATION_COMMENTS = YES;
				CLANG_WARN_EMPTY_BODY = YES;
				CLANG_WARN_ENUM_CONVERSION = YES;
				CLANG_WARN_INFINITE_RECURSION = YES;
				CLANG_WARN_INT_CONVERSION = YES;
				CLANG_WARN_NON_LITERAL_NULL_CONVERSION = YES;
				CLANG_WARN_OBJC_IMPLICIT_RETAIN_SELF = YES;
				CLANG_WARN_OBJC_LITERAL_CONVERSION = YES;
				CLANG_WARN_OBJC_ROOT_CLASS = YES_ERROR;
				CLANG_WARN_RANGE_LOOP_ANALYSIS = YES;
				CLANG_WARN_STRICT_PROTOTYPES = YES;
				CLANG_WARN_SUSPICIOUS_MOVE = YES;
				CLANG_WARN_UNGUARDED_AVAILABILITY = YES_AGGRESSIVE;
				CLANG_WARN_UNREACHABLE_CODE = YES;
				CLANG_WARN__DUPLICATE_METHOD_MATCH = YES;
				CODE_SIGN_IDENTITY = "iPhone Developer";
				COPY_PHASE_STRIP = NO;
				DEBUG_INFORMATION_FORMAT = "dwarf-with-dsym";
				ENABLE_NS_ASSERTIONS = NO;
				ENABLE_STRICT_OBJC_MSGSEND = YES;
				GCC_C_LANGUAGE_STANDARD = gnu11;
				GCC_NO_COMMON_BLOCKS = YES;
				GCC_WARN_64_TO_32_BIT_CONVERSION = YES;
				GCC_WARN_ABOUT_RETURN_TYPE = YES_ERROR;
				GCC_WARN_UNDECLARED_SELECTOR = YES;
				GCC_WARN_UNINITIALIZED_AUTOS = YES_AGGRESSIVE;
				GCC_WARN_UNUSED_FUNCTION = YES;
				GCC_WARN_UNUSED_VARIABLE = YES;
				IPHONEOS_DEPLOYMENT_TARGET = 12.1;
				MTL_ENABLE_DEBUG_INFO = NO;
				MTL_FAST_MATH = YES;
				SDKROOT = iphoneos;
				SWIFT_COMPILATION_MODE = wholemodule;
				SWIFT_OPTIMIZATION_LEVEL = "-O";
				VALIDATE_PRODUCT = YES;
			};
			name = Release;
		};
		38211EAE23643C920029D3C5 /* Debug */ = {
			isa = XCBuildConfiguration;
			buildSettings = {
				ASSETCATALOG_COMPILER_APPICON_NAME = AppIcon;
				CODE_SIGN_STYLE = Automatic;
				INFOPLIST_FILE = session4_segue/Info.plist;
				LD_RUNPATH_SEARCH_PATHS = (
					"$(inherited)",
					"@executable_path/Frameworks",
				);
				PRODUCT_BUNDLE_IDENTIFIER = "CS.session4-segue";
				PRODUCT_NAME = "$(TARGET_NAME)";
				SWIFT_VERSION = 4.2;
				TARGETED_DEVICE_FAMILY = "1,2";
			};
			name = Debug;
		};
		38211EAF23643C920029D3C5 /* Release */ = {
			isa = XCBuildConfiguration;
			buildSettings = {
				ASSETCATALOG_COMPILER_APPICON_NAME = AppIcon;
				CODE_SIGN_STYLE = Automatic;
				INFOPLIST_FILE = session4_segue/Info.plist;
				LD_RUNPATH_SEARCH_PATHS = (
					"$(inherited)",
					"@executable_path/Frameworks",
				);
				PRODUCT_BUNDLE_IDENTIFIER = "CS.session4-segue";
				PRODUCT_NAME = "$(TARGET_NAME)";
				SWIFT_VERSION = 4.2;
				TARGETED_DEVICE_FAMILY = "1,2";
			};
			name = Release;
		};
/* End XCBuildConfiguration section */

/* Begin XCConfigurationList section */
		38211E9623643C810029D3C5 /* Build configuration list for PBXProject "session4_segue" */ = {
			isa = XCConfigurationList;
			buildConfigurations = (
				38211EAB23643C920029D3C5 /* Debug */,
				38211EAC23643C920029D3C5 /* Release */,
			);
			defaultConfigurationIsVisible = 0;
			defaultConfigurationName = Release;
		};
		38211EAD23643C920029D3C5 /* Build configuration list for PBXNativeTarget "session4_segue" */ = {
			isa = XCConfigurationList;
			buildConfigurations = (
				38211EAE23643C920029D3C5 /* Debug */,
				38211EAF23643C920029D3C5 /* Release */,
			);
			defaultConfigurationIsVisible = 0;
			defaultConfigurationName = Release;
		};
/* End XCConfigurationList section */
	};
	rootObject = 38211E9323643C810029D3C5 /* Project object */;
}
